
Microsoft Visual Studio Solution File, Format Version 12.00
Project("{FAE04EC0-301F-11D3-BF4B-00C04F79EFBC}") = "LearnCSharp", "LearnCSharp\LearnCSharp.csproj", "{0E0F34A0-2A24-425F-B35C-D1F9FFE49663}"
EndProject
Project("{FAE04EC0-301F-11D3-BF4B-00C04F79EFBC}") = "LearnCSharpTest", "LearnCSharpTest\LearnCSharpTest.csproj", "{7749299D-5EF4-4F37-AE90-9B0D15E89DDB}"
EndProject
Global
	GlobalSection(SolutionConfigurationPlatforms) = preSolution
		Debug|Any CPU = Debug|Any CPU
		Release|Any CPU = Release|Any CPU
	EndGlobalSection
	GlobalSection(ProjectConfigurationPlatforms) = postSolution
		{0E0F34A0-2A24-425F-B35C-D1F9FFE49663}.Debug|Any CPU.ActiveCfg = Debug|Any CPU
		{0E0F34A0-2A24-425F-B35C-D1F9FFE49663}.Debug|Any CPU.Build.0 = Debug|Any CPU
		{0E0F34A0-2A24-425F-B35C-D1F9FFE49663}.Release|Any CPU.ActiveCfg = Release|Any CPU
		{0E0F34A0-2A24-425F-B35C-D1F9FFE49663}.Release|Any CPU.Build.0 = Release|Any CPU
		{7749299D-5EF4-4F37-AE90-9B0D15E89DDB}.Debug|Any CPU.ActiveCfg = Debug|Any CPU
		{7749299D-5EF4-4F37-AE90-9B0D15E89DDB}.Debug|Any CPU.Build.0 = Debug|Any CPU
		{7749299D-5EF4-4F37-AE90-9B0D15E89DDB}.Release|Any CPU.ActiveCfg = Release|Any CPU
		{7749299D-5EF4-4F37-AE90-9B0D15E89DDB}.Release|Any CPU.Build.0 = Release|Any CPU
	EndGlobalSection
EndGlobal
